
Microsoft Visual Studio Solution File, Format Version 12.00
# Visual Studio Version 16
VisualStudioVersion = 16.0.31729.503
MinimumVisualStudioVersion = 10.0.40219.1
Project("{FAE04EC0-301F-11D3-BF4B-00C04F79EFBC}") = "demoWebCore_1", "demoWebCore_1.csproj", "{490C8F37-1BC7-4C71-A60C-165FDA37D9D7}"
EndProject
Global
	GlobalSection(SolutionConfigurationPlatforms) = preSolution
		Debug|Any CPU = Debug|Any CPU
		Release|Any CPU = Release|Any CPU
	EndGlobalSection
	GlobalSection(ProjectConfigurationPlatforms) = postSolution
		{490C8F37-1BC7-4C71-A60C-165FDA37D9D7}.Debug|Any CPU.ActiveCfg = Debug|Any CPU
		{490C8F37-1BC7-4C71-A60C-165FDA37D9D7}.Debug|Any CPU.Build.0 = Debug|Any CPU
		{490C8F37-1BC7-4C71-A60C-165FDA37D9D7}.Release|Any CPU.ActiveCfg = Release|Any CPU
		{490C8F37-1BC7-4C71-A60C-165FDA37D9D7}.Release|Any CPU.Build.0 = Release|Any CPU
	EndGlobalSection
	GlobalSection(SolutionProperties) = preSolution
		HideSolutionNode = FALSE
	EndGlobalSection
	GlobalSection(ExtensibilityGlobals) = postSolution
		SolutionGuid = {587F320D-52FE-4D92-B18F-4C68D02EFA70}
	EndGlobalSection
EndGlobal
