
Microsoft Visual Studio Solution File, Format Version 12.00
# Visual Studio Version 16
VisualStudioVersion = 16.0.31729.503
MinimumVisualStudioVersion = 10.0.40219.1
Project("{9A19103F-16F7-4668-BE54-9A1E7A4F7556}") = "demoWebCore_1", "demoWebCore_1.csproj", "{BDB67EA1-949C-4F1F-A7ED-F58E3BB0F5C7}"
EndProject
Project("{E24C65DC-7377-472B-9ABA-BC803B73C61A}") = "WCFService", "..\WCFService\", "{8084CBF3-AFDA-412B-9A6A-840E77566A18}"
	ProjectSection(WebsiteProperties) = preProject
		TargetFrameworkMoniker = ".NETFramework,Version%3Dv4.5"
		Debug.AspNetCompiler.VirtualPath = "/localhost_57301"
		Debug.AspNetCompiler.PhysicalPath = "..\WCFService\"
		Debug.AspNetCompiler.TargetPath = "PrecompiledWeb\localhost_57301\"
		Debug.AspNetCompiler.Updateable = "true"
		Debug.AspNetCompiler.ForceOverwrite = "true"
		Debug.AspNetCompiler.FixedNames = "false"
		Debug.AspNetCompiler.Debug = "True"
		Release.AspNetCompiler.VirtualPath = "/localhost_57301"
		Release.AspNetCompiler.PhysicalPath = "..\WCFService\"
		Release.AspNetCompiler.TargetPath = "PrecompiledWeb\localhost_57301\"
		Release.AspNetCompiler.Updateable = "true"
		Release.AspNetCompiler.ForceOverwrite = "true"
		Release.AspNetCompiler.FixedNames = "false"
		Release.AspNetCompiler.Debug = "False"
		VWDPort = "57301"
		SlnRelativePath = "..\WCFService\"
		DefaultWebSiteLanguage = "Visual C#"
	EndProjectSection
EndProject
Global
	GlobalSection(SolutionConfigurationPlatforms) = preSolution
		Debug|Any CPU = Debug|Any CPU
		Release|Any CPU = Release|Any CPU
	EndGlobalSection
	GlobalSection(ProjectConfigurationPlatforms) = postSolution
		{BDB67EA1-949C-4F1F-A7ED-F58E3BB0F5C7}.Debug|Any CPU.ActiveCfg = Debug|Any CPU
		{BDB67EA1-949C-4F1F-A7ED-F58E3BB0F5C7}.Debug|Any CPU.Build.0 = Debug|Any CPU
		{BDB67EA1-949C-4F1F-A7ED-F58E3BB0F5C7}.Release|Any CPU.ActiveCfg = Release|Any CPU
		{BDB67EA1-949C-4F1F-A7ED-F58E3BB0F5C7}.Release|Any CPU.Build.0 = Release|Any CPU
		{8084CBF3-AFDA-412B-9A6A-840E77566A18}.Debug|Any CPU.ActiveCfg = Debug|Any CPU
		{8084CBF3-AFDA-412B-9A6A-840E77566A18}.Debug|Any CPU.Build.0 = Debug|Any CPU
		{8084CBF3-AFDA-412B-9A6A-840E77566A18}.Release|Any CPU.ActiveCfg = Debug|Any CPU
		{8084CBF3-AFDA-412B-9A6A-840E77566A18}.Release|Any CPU.Build.0 = Debug|Any CPU
	EndGlobalSection
	GlobalSection(SolutionProperties) = preSolution
		HideSolutionNode = FALSE
	EndGlobalSection
	GlobalSection(ExtensibilityGlobals) = postSolution
		SolutionGuid = {E393A2E4-21BD-4176-8C4B-B75B985D852D}
	EndGlobalSection
EndGlobal
